
Microsoft Visual Studio Solution File, Format Version 12.00
# Visual Studio Version 17
VisualStudioVersion = 17.0.32112.339
MinimumVisualStudioVersion = 10.0.40219.1
Project("{FAE04EC0-301F-11D3-BF4B-00C04F79EFBC}") = "DocumentExample1", "DocumentExample1\DocumentExample1.csproj", "{E776506A-AAC3-4861-9F3C-7A899A223A89}"
EndProject
Global
	GlobalSection(SolutionConfigurationPlatforms) = preSolution
		Debug|Any CPU = Debug|Any CPU
		Release|Any CPU = Release|Any CPU
	EndGlobalSection
	GlobalSection(ProjectConfigurationPlatforms) = postSolution
		{E776506A-AAC3-4861-9F3C-7A899A223A89}.Debug|Any CPU.ActiveCfg = Debug|Any CPU
		{E776506A-AAC3-4861-9F3C-7A899A223A89}.Debug|Any CPU.Build.0 = Debug|Any CPU
		{E776506A-AAC3-4861-9F3C-7A899A223A89}.Release|Any CPU.ActiveCfg = Release|Any CPU
		{E776506A-AAC3-4861-9F3C-7A899A223A89}.Release|Any CPU.Build.0 = Release|Any CPU
	EndGlobalSection
	GlobalSection(SolutionProperties) = preSolution
		HideSolutionNode = FALSE
	EndGlobalSection
	GlobalSection(ExtensibilityGlobals) = postSolution
		SolutionGuid = {0E987E0E-B7D2-453F-934E-EBE1588F0484}
	EndGlobalSection
EndGlobal
